{
  "requires": true,
  "lockfileVersion": 1,
  "dependencies": {
    "json2typescript": {
      "version": "1.2.0",
      "resolved": "https://registry.npmjs.org/json2typescript/-/json2typescript-1.2.0.tgz",
      "integrity": "sha512-IHiaZVJ3z7HS/Cv/iy3TezlH7b2iFITheSRQRFqeqRoDiXxcrFLsiSiF5q09JqKPv0Txnca8B33eTmhv+O2ezA=="
    }
  }
}
